
Microsoft Visual Studio Solution File, Format Version 12.00
# Visual Studio Version 17
VisualStudioVersion = 17.5.33402.96
MinimumVisualStudioVersion = 10.0.40219.1
Project("{FAE04EC0-301F-11D3-BF4B-00C04F79EFBC}") = "fhir-invariant-tester", "fhir-invariant-tester.csproj", "{C43D6790-58C2-4A14-8AD3-F2B12E9F37FA}"
EndProject
Global
	GlobalSection(SolutionConfigurationPlatforms) = preSolution
		Debug|Any CPU = Debug|Any CPU
		Release|Any CPU = Release|Any CPU
	EndGlobalSection
	GlobalSection(ProjectConfigurationPlatforms) = postSolution
		{C43D6790-58C2-4A14-8AD3-F2B12E9F37FA}.Debug|Any CPU.ActiveCfg = Debug|Any CPU
		{C43D6790-58C2-4A14-8AD3-F2B12E9F37FA}.Debug|Any CPU.Build.0 = Debug|Any CPU
		{C43D6790-58C2-4A14-8AD3-F2B12E9F37FA}.Release|Any CPU.ActiveCfg = Release|Any CPU
		{C43D6790-58C2-4A14-8AD3-F2B12E9F37FA}.Release|Any CPU.Build.0 = Release|Any CPU
	EndGlobalSection
	GlobalSection(SolutionProperties) = preSolution
		HideSolutionNode = FALSE
	EndGlobalSection
	GlobalSection(ExtensibilityGlobals) = postSolution
		SolutionGuid = {CEB2C606-8694-423B-8079-1077EE85FEDA}
	EndGlobalSection
EndGlobal
